// !$*UTF8*$!
{
	archiveVersion = 1;
	classes = {
	};
	objectVersion = 46;
	objects = {

/* Begin PBXBuildFile section */
		0001C96D1724B7C5A0A2FA7B /* Pods_Hickery.framework in Frameworks */ = {isa = PBXBuildFile; fileRef = 11CF4180F1803A0DA6BA5319 /* Pods_Hickery.framework */; };
		080008301EF431A900BCD460 /* libstdc++.6.tbd in Frameworks */ = {isa = PBXBuildFile; fileRef = 0800082F1EF431A900BCD460 /* libstdc++.6.tbd */; };
		080008321EF43C4C00BCD460 /* VLCPlayer.swift in Sources */ = {isa = PBXBuildFile; fileRef = 080008311EF43C4C00BCD460 /* VLCPlayer.swift */; };
		1700E3331DC689A60085A5D0 /* AppDelegate.swift in Sources */ = {isa = PBXBuildFile; fileRef = 1700E3321DC689A60085A5D0 /* AppDelegate.swift */; };
		1700E3371DC689A60085A5D0 /* ProfileViewController.swift in Sources */ = {isa = PBXBuildFile; fileRef = 1700E3361DC689A60085A5D0 /* ProfileViewController.swift */; };
		1700E33A1DC689A60085A5D0 /* Main.storyboard in Resources */ = {isa = PBXBuildFile; fileRef = 1700E3381DC689A60085A5D0 /* Main.storyboard */; };
		1700E33C1DC689A60085A5D0 /* Assets.xcassets in Resources */ = {isa = PBXBuildFile; fileRef = 1700E33B1DC689A60085A5D0 /* Assets.xcassets */; };
		1700E33F1DC689A60085A5D0 /* LaunchScreen.storyboard in Resources */ = {isa = PBXBuildFile; fileRef = 1700E33D1DC689A60085A5D0 /* LaunchScreen.storyboard */; };
		1700E34A1DC689A70085A5D0 /* HickeryTests.swift in Sources */ = {isa = PBXBuildFile; fileRef = 1700E3491DC689A70085A5D0 /* HickeryTests.swift */; };
		1700E3551DC689A70085A5D0 /* HickeryUITests.swift in Sources */ = {isa = PBXBuildFile; fileRef = 1700E3541DC689A70085A5D0 /* HickeryUITests.swift */; };
		1700E3641DC68AE70085A5D0 /* LandingViewController.swift in Sources */ = {isa = PBXBuildFile; fileRef = 1700E3631DC68AE70085A5D0 /* LandingViewController.swift */; };
		1702436B1DC7008A00369C72 /* HickerySongStream.swift in Sources */ = {isa = PBXBuildFile; fileRef = 1702436A1DC7008A00369C72 /* HickerySongStream.swift */; };
		170FE9AB1DF65BA300678999 /* HickeryDataStorage.swift in Sources */ = {isa = PBXBuildFile; fileRef = 170FE9AA1DF65BA300678999 /* HickeryDataStorage.swift */; };
		172B6FB21E032B1600AB1E8B /* FacebookSyncManager.swift in Sources */ = {isa = PBXBuildFile; fileRef = 172B6FB11E032B1600AB1E8B /* FacebookSyncManager.swift */; };
		172B6FB41E03498900AB1E8B /* LikeStore.swift in Sources */ = {isa = PBXBuildFile; fileRef = 172B6FB31E03498900AB1E8B /* LikeStore.swift */; };
		1737E8001DED3612000B23D2 /* HickeryUserTest.swift in Sources */ = {isa = PBXBuildFile; fileRef = 1737E7FF1DED3612000B23D2 /* HickeryUserTest.swift */; };
		1737E8031DEE8EB0000B23D2 /* LocalStore.swift in Sources */ = {isa = PBXBuildFile; fileRef = 1737E8021DEE8EB0000B23D2 /* LocalStore.swift */; };
		1756C4291DCFC26000505E03 /* HomeViewController.swift in Sources */ = {isa = PBXBuildFile; fileRef = 1756C4281DCFC26000505E03 /* HomeViewController.swift */; };
		1756C42B1DCFC62B00505E03 /* StoryboardEntityProvider.swift in Sources */ = {isa = PBXBuildFile; fileRef = 1756C42A1DCFC62B00505E03 /* StoryboardEntityProvider.swift */; };
		178697591DD56A8200225681 /* SignUpViewController.swift in Sources */ = {isa = PBXBuildFile; fileRef = 178697581DD56A8200225681 /* SignUpViewController.swift */; };
		1786975B1DD56D5A00225681 /* FacebookUser.swift in Sources */ = {isa = PBXBuildFile; fileRef = 1786975A1DD56D5A00225681 /* FacebookUser.swift */; };
		1786975D1DD56DDB00225681 /* FacebookAPIManager.swift in Sources */ = {isa = PBXBuildFile; fileRef = 1786975C1DD56DDB00225681 /* FacebookAPIManager.swift */; };
		1786975F1DD579D900225681 /* FacebookPost.swift in Sources */ = {isa = PBXBuildFile; fileRef = 1786975E1DD579D900225681 /* FacebookPost.swift */; };
		178D34C11DC6DBC80044175D /* HKLoginButton.swift in Sources */ = {isa = PBXBuildFile; fileRef = 178D34C01DC6DBC80044175D /* HKLoginButton.swift */; };
		178D34C51DC6E2C60044175D /* HickeryUser.swift in Sources */ = {isa = PBXBuildFile; fileRef = 178D34C41DC6E2C60044175D /* HickeryUser.swift */; };
		178D34C71DC6E2E60044175D /* HickerySong.swift in Sources */ = {isa = PBXBuildFile; fileRef = 178D34C61DC6E2E60044175D /* HickerySong.swift */; };
		178D34C91DC6E6550044175D /* HickeryTabBarViewController.swift in Sources */ = {isa = PBXBuildFile; fileRef = 178D34C81DC6E6550044175D /* HickeryTabBarViewController.swift */; };
		178D34CC1DC6EB230044175D /* APIManager.swift in Sources */ = {isa = PBXBuildFile; fileRef = 178D34CB1DC6EB230044175D /* APIManager.swift */; };
		178D34CE1DC6EE640044175D /* NetworkingManager.swift in Sources */ = {isa = PBXBuildFile; fileRef = 178D34CD1DC6EE640044175D /* NetworkingManager.swift */; };
		17A945011DC9972D0080EFA8 /* PlaylistViewController.swift in Sources */ = {isa = PBXBuildFile; fileRef = 17A945001DC9972D0080EFA8 /* PlaylistViewController.swift */; };
		17A945031DC9973D0080EFA8 /* PlayerViewController.swift in Sources */ = {isa = PBXBuildFile; fileRef = 17A945021DC9973D0080EFA8 /* PlayerViewController.swift */; };
		17A945051DC997550080EFA8 /* SongTableViewController.swift in Sources */ = {isa = PBXBuildFile; fileRef = 17A945041DC997550080EFA8 /* SongTableViewController.swift */; };
		17BAEDB71DCBC6B40053B182 /* SongTableViewCell.swift in Sources */ = {isa = PBXBuildFile; fileRef = 17BAEDB61DCBC6B40053B182 /* SongTableViewCell.swift */; };
		17BAEDB91DCBFA050053B182 /* DiscoverViewController.swift in Sources */ = {isa = PBXBuildFile; fileRef = 17BAEDB81DCBFA050053B182 /* DiscoverViewController.swift */; };
		17BAEDBB1DCBFACE0053B182 /* SearchViewController.swift in Sources */ = {isa = PBXBuildFile; fileRef = 17BAEDBA1DCBFACE0053B182 /* SearchViewController.swift */; };
		290D533656C5D81876F6C317 /* Pods_HickeryUITests.framework in Frameworks */ = {isa = PBXBuildFile; fileRef = F5928909C0522813C5BB8153 /* Pods_HickeryUITests.framework */; };
		3FA08C0FA26D2B785C2A8A19 /* Pods_HickeryTests.framework in Frameworks */ = {isa = PBXBuildFile; fileRef = 0DA5F0FF1754AF4E4652B1E6 /* Pods_HickeryTests.framework */; };
/* End PBXBuildFile section */

/* Begin PBXContainerItemProxy section */
		1700E3461DC689A60085A5D0 /* PBXContainerItemProxy */ = {
			isa = PBXContainerItemProxy;
			containerPortal = 1700E3271DC689A60085A5D0 /* Project object */;
			proxyType = 1;
			remoteGlobalIDString = 1700E32E1DC689A60085A5D0;
			remoteInfo = Hickery;
		};
		1700E3511DC689A70085A5D0 /* PBXContainerItemProxy */ = {
			isa = PBXContainerItemProxy;
			containerPortal = 1700E3271DC689A60085A5D0 /* Project object */;
			proxyType = 1;
			remoteGlobalIDString = 1700E32E1DC689A60085A5D0;
			remoteInfo = Hickery;
		};
/* End PBXContainerItemProxy section */

/* Begin PBXFileReference section */
		0800082D1EF42E4900BCD460 /* MobileVLCKit.framework */ = {isa = PBXFileReference; lastKnownFileType = wrapper.framework; name = MobileVLCKit.framework; path = "Pods/MobileVLCKit/MobileVLCKit-binary/MobileVLCKit.framework"; sourceTree = "<group>"; };
		0800082F1EF431A900BCD460 /* libstdc++.6.tbd */ = {isa = PBXFileReference; lastKnownFileType = "sourcecode.text-based-dylib-definition"; name = "libstdc++.6.tbd"; path = "usr/lib/libstdc++.6.tbd"; sourceTree = SDKROOT; };
		080008311EF43C4C00BCD460 /* VLCPlayer.swift */ = {isa = PBXFileReference; fileEncoding = 4; lastKnownFileType = sourcecode.swift; path = VLCPlayer.swift; sourceTree = "<group>"; };
		0DA5F0FF1754AF4E4652B1E6 /* Pods_HickeryTests.framework */ = {isa = PBXFileReference; explicitFileType = wrapper.framework; includeInIndex = 0; path = Pods_HickeryTests.framework; sourceTree = BUILT_PRODUCTS_DIR; };
		11CF4180F1803A0DA6BA5319 /* Pods_Hickery.framework */ = {isa = PBXFileReference; explicitFileType = wrapper.framework; includeInIndex = 0; path = Pods_Hickery.framework; sourceTree = BUILT_PRODUCTS_DIR; };
		16257AB68E3B77AC6AF6EFDA /* Pods-Hickery.release.xcconfig */ = {isa = PBXFileReference; includeInIndex = 1; lastKnownFileType = text.xcconfig; name = "Pods-Hickery.release.xcconfig"; path = "Pods/Target Support Files/Pods-Hickery/Pods-Hickery.release.xcconfig"; sourceTree = "<group>"; };
		1700E32F1DC689A60085A5D0 /* Hickery.app */ = {isa = PBXFileReference; explicitFileType = wrapper.application; includeInIndex = 0; path = Hickery.app; sourceTree = BUILT_PRODUCTS_DIR; };
		1700E3321DC689A60085A5D0 /* AppDelegate.swift */ = {isa = PBXFileReference; lastKnownFileType = sourcecode.swift; path = AppDelegate.swift; sourceTree = "<group>"; };
		1700E3361DC689A60085A5D0 /* ProfileViewController.swift */ = {isa = PBXFileReference; lastKnownFileType = sourcecode.swift; path = ProfileViewController.swift; sourceTree = "<group>"; };
		1700E3391DC689A60085A5D0 /* Base */ = {isa = PBXFileReference; lastKnownFileType = file.storyboard; name = Base; path = Base.lproj/Main.storyboard; sourceTree = "<group>"; };
		1700E33B1DC689A60085A5D0 /* Assets.xcassets */ = {isa = PBXFileReference; lastKnownFileType = folder.assetcatalog; path = Assets.xcassets; sourceTree = "<group>"; };
		1700E33E1DC689A60085A5D0 /* Base */ = {isa = PBXFileReference; lastKnownFileType = file.storyboard; name = Base; path = Base.lproj/LaunchScreen.storyboard; sourceTree = "<group>"; };
		1700E3401DC689A60085A5D0 /* Info.plist */ = {isa = PBXFileReference; lastKnownFileType = text.plist.xml; path = Info.plist; sourceTree = "<group>"; };
		1700E3451DC689A60085A5D0 /* HickeryTests.xctest */ = {isa = PBXFileReference; explicitFileType = wrapper.cfbundle; includeInIndex = 0; path = HickeryTests.xctest; sourceTree = BUILT_PRODUCTS_DIR; };
		1700E3491DC689A70085A5D0 /* HickeryTests.swift */ = {isa = PBXFileReference; lastKnownFileType = sourcecode.swift; path = HickeryTests.swift; sourceTree = "<group>"; };
		1700E34B1DC689A70085A5D0 /* Info.plist */ = {isa = PBXFileReference; lastKnownFileType = text.plist.xml; path = Info.plist; sourceTree = "<group>"; };
		1700E3501DC689A70085A5D0 /* HickeryUITests.xctest */ = {isa = PBXFileReference; explicitFileType = wrapper.cfbundle; includeInIndex = 0; path = HickeryUITests.xctest; sourceTree = BUILT_PRODUCTS_DIR; };
		1700E3541DC689A70085A5D0 /* HickeryUITests.swift */ = {isa = PBXFileReference; lastKnownFileType = sourcecode.swift; path = HickeryUITests.swift; sourceTree = "<group>"; };
		1700E3561DC689A70085A5D0 /* Info.plist */ = {isa = PBXFileReference; lastKnownFileType = text.plist.xml; path = Info.plist; sourceTree = "<group>"; };
		1700E3631DC68AE70085A5D0 /* LandingViewController.swift */ = {isa = PBXFileReference; fileEncoding = 4; lastKnownFileType = sourcecode.swift; path = LandingViewController.swift; sourceTree = "<group>"; };
		1702436A1DC7008A00369C72 /* HickerySongStream.swift */ = {isa = PBXFileReference; fileEncoding = 4; lastKnownFileType = sourcecode.swift; path = HickerySongStream.swift; sourceTree = "<group>"; };
		170FE9AA1DF65BA300678999 /* HickeryDataStorage.swift */ = {isa = PBXFileReference; fileEncoding = 4; lastKnownFileType = sourcecode.swift; path = HickeryDataStorage.swift; sourceTree = "<group>"; };
		172B6FB11E032B1600AB1E8B /* FacebookSyncManager.swift */ = {isa = PBXFileReference; fileEncoding = 4; lastKnownFileType = sourcecode.swift; path = FacebookSyncManager.swift; sourceTree = "<group>"; };
		172B6FB31E03498900AB1E8B /* LikeStore.swift */ = {isa = PBXFileReference; fileEncoding = 4; lastKnownFileType = sourcecode.swift; path = LikeStore.swift; sourceTree = "<group>"; };
		1737E7FF1DED3612000B23D2 /* HickeryUserTest.swift */ = {isa = PBXFileReference; fileEncoding = 4; lastKnownFileType = sourcecode.swift; path = HickeryUserTest.swift; sourceTree = "<group>"; };
		1737E8021DEE8EB0000B23D2 /* LocalStore.swift */ = {isa = PBXFileReference; fileEncoding = 4; lastKnownFileType = sourcecode.swift; path = LocalStore.swift; sourceTree = "<group>"; };
		1756C4281DCFC26000505E03 /* HomeViewController.swift */ = {isa = PBXFileReference; fileEncoding = 4; lastKnownFileType = sourcecode.swift; path = HomeViewController.swift; sourceTree = "<group>"; };
		1756C42A1DCFC62B00505E03 /* StoryboardEntityProvider.swift */ = {isa = PBXFileReference; fileEncoding = 4; lastKnownFileType = sourcecode.swift; path = StoryboardEntityProvider.swift; sourceTree = "<group>"; };
		178697581DD56A8200225681 /* SignUpViewController.swift */ = {isa = PBXFileReference; fileEncoding = 4; lastKnownFileType = sourcecode.swift; path = SignUpViewController.swift; sourceTree = "<group>"; };
		1786975A1DD56D5A00225681 /* FacebookUser.swift */ = {isa = PBXFileReference; fileEncoding = 4; lastKnownFileType = sourcecode.swift; path = FacebookUser.swift; sourceTree = "<group>"; };
		1786975C1DD56DDB00225681 /* FacebookAPIManager.swift */ = {isa = PBXFileReference; fileEncoding = 4; lastKnownFileType = sourcecode.swift; path = FacebookAPIManager.swift; sourceTree = "<group>"; };
		1786975E1DD579D900225681 /* FacebookPost.swift */ = {isa = PBXFileReference; fileEncoding = 4; lastKnownFileType = sourcecode.swift; path = FacebookPost.swift; sourceTree = "<group>"; };
		178D34C01DC6DBC80044175D /* HKLoginButton.swift */ = {isa = PBXFileReference; fileEncoding = 4; lastKnownFileType = sourcecode.swift; path = HKLoginButton.swift; sourceTree = "<group>"; };
		178D34C21DC6DF110044175D /* Hickery.entitlements */ = {isa = PBXFileReference; lastKnownFileType = text.plist.entitlements; path = Hickery.entitlements; sourceTree = "<group>"; };
		178D34C41DC6E2C60044175D /* HickeryUser.swift */ = {isa = PBXFileReference; fileEncoding = 4; lastKnownFileType = sourcecode.swift; path = HickeryUser.swift; sourceTree = "<group>"; };
		178D34C61DC6E2E60044175D /* HickerySong.swift */ = {isa = PBXFileReference; fileEncoding = 4; lastKnownFileType = sourcecode.swift; path = HickerySong.swift; sourceTree = "<group>"; };
		178D34C81DC6E6550044175D /* HickeryTabBarViewController.swift */ = {isa = PBXFileReference; fileEncoding = 4; lastKnownFileType = sourcecode.swift; path = HickeryTabBarViewController.swift; sourceTree = "<group>"; };
		178D34CB1DC6EB230044175D /* APIManager.swift */ = {isa = PBXFileReference; fileEncoding = 4; lastKnownFileType = sourcecode.swift; path = APIManager.swift; sourceTree = "<group>"; };
		178D34CD1DC6EE640044175D /* NetworkingManager.swift */ = {isa = PBXFileReference; fileEncoding = 4; lastKnownFileType = sourcecode.swift; name = NetworkingManager.swift; path = ../API/NetworkingManager.swift; sourceTree = "<group>"; };
		17A944F61DC98BAB0080EFA8 /* Bridging-Header.h */ = {isa = PBXFileReference; lastKnownFileType = sourcecode.c.h; name = "Bridging-Header.h"; path = "../Bridging-Header.h"; sourceTree = "<group>"; };
		17A945001DC9972D0080EFA8 /* PlaylistViewController.swift */ = {isa = PBXFileReference; fileEncoding = 4; lastKnownFileType = sourcecode.swift; path = PlaylistViewController.swift; sourceTree = "<group>"; };
		17A945021DC9973D0080EFA8 /* PlayerViewController.swift */ = {isa = PBXFileReference; fileEncoding = 4; lastKnownFileType = sourcecode.swift; path = PlayerViewController.swift; sourceTree = "<group>"; };
		17A945041DC997550080EFA8 /* SongTableViewController.swift */ = {isa = PBXFileReference; fileEncoding = 4; lastKnownFileType = sourcecode.swift; path = SongTableViewController.swift; sourceTree = "<group>"; };
		17BAEDB61DCBC6B40053B182 /* SongTableViewCell.swift */ = {isa = PBXFileReference; fileEncoding = 4; lastKnownFileType = sourcecode.swift; path = SongTableViewCell.swift; sourceTree = "<group>"; };
		17BAEDB81DCBFA050053B182 /* DiscoverViewController.swift */ = {isa = PBXFileReference; fileEncoding = 4; lastKnownFileType = sourcecode.swift; path = DiscoverViewController.swift; sourceTree = "<group>"; };
		17BAEDBA1DCBFACE0053B182 /* SearchViewController.swift */ = {isa = PBXFileReference; fileEncoding = 4; lastKnownFileType = sourcecode.swift; path = SearchViewController.swift; sourceTree = "<group>"; };
		364ADBC731FB1A82DF1349CC /* Pods-HickeryTests.debug.xcconfig */ = {isa = PBXFileReference; includeInIndex = 1; lastKnownFileType = text.xcconfig; name = "Pods-HickeryTests.debug.xcconfig"; path = "Pods/Target Support Files/Pods-HickeryTests/Pods-HickeryTests.debug.xcconfig"; sourceTree = "<group>"; };
		443B0E0D30F77F6C71B66DE4 /* Pods-HickeryTests.release.xcconfig */ = {isa = PBXFileReference; includeInIndex = 1; lastKnownFileType = text.xcconfig; name = "Pods-HickeryTests.release.xcconfig"; path = "Pods/Target Support Files/Pods-HickeryTests/Pods-HickeryTests.release.xcconfig"; sourceTree = "<group>"; };
		470F1371361AC858F69EEC64 /* Pods-HickeryUITests.debug.xcconfig */ = {isa = PBXFileReference; includeInIndex = 1; lastKnownFileType = text.xcconfig; name = "Pods-HickeryUITests.debug.xcconfig"; path = "Pods/Target Support Files/Pods-HickeryUITests/Pods-HickeryUITests.debug.xcconfig"; sourceTree = "<group>"; };
		F2BF7B20B1B225ACFC98DF6A /* Pods-HickeryUITests.release.xcconfig */ = {isa = PBXFileReference; includeInIndex = 1; lastKnownFileType = text.xcconfig; name = "Pods-HickeryUITests.release.xcconfig"; path = "Pods/Target Support Files/Pods-HickeryUITests/Pods-HickeryUITests.release.xcconfig"; sourceTree = "<group>"; };
		F5928909C0522813C5BB8153 /* Pods_HickeryUITests.framework */ = {isa = PBXFileReference; explicitFileType = wrapper.framework; includeInIndex = 0; path = Pods_HickeryUITests.framework; sourceTree = BUILT_PRODUCTS_DIR; };
		F8C1B69B1D5D8E01162779F9 /* Pods-Hickery.debug.xcconfig */ = {isa = PBXFileReference; includeInIndex = 1; lastKnownFileType = text.xcconfig; name = "Pods-Hickery.debug.xcconfig"; path = "Pods/Target Support Files/Pods-Hickery/Pods-Hickery.debug.xcconfig"; sourceTree = "<group>"; };
/* End PBXFileReference section */

/* Begin PBXFrameworksBuildPhase section */
		1700E32C1DC689A60085A5D0 /* Frameworks */ = {
			isa = PBXFrameworksBuildPhase;
			buildActionMask = 2147483647;
			files = (
				080008301EF431A900BCD460 /* libstdc++.6.tbd in Frameworks */,
				0001C96D1724B7C5A0A2FA7B /* Pods_Hickery.framework in Frameworks */,
			);
			runOnlyForDeploymentPostprocessing = 0;
		};
		1700E3421DC689A60085A5D0 /* Frameworks */ = {
			isa = PBXFrameworksBuildPhase;
			buildActionMask = 2147483647;
			files = (
				3FA08C0FA26D2B785C2A8A19 /* Pods_HickeryTests.framework in Frameworks */,
			);
			runOnlyForDeploymentPostprocessing = 0;
		};
		1700E34D1DC689A70085A5D0 /* Frameworks */ = {
			isa = PBXFrameworksBuildPhase;
			buildActionMask = 2147483647;
			files = (
				290D533656C5D81876F6C317 /* Pods_HickeryUITests.framework in Frameworks */,
			);
			runOnlyForDeploymentPostprocessing = 0;
		};
/* End PBXFrameworksBuildPhase section */

/* Begin PBXGroup section */
		04651A15901C623CE5291850 /* Frameworks */ = {
			isa = PBXGroup;
			children = (
				0800082F1EF431A900BCD460 /* libstdc++.6.tbd */,
				0800082D1EF42E4900BCD460 /* MobileVLCKit.framework */,
				11CF4180F1803A0DA6BA5319 /* Pods_Hickery.framework */,
				0DA5F0FF1754AF4E4652B1E6 /* Pods_HickeryTests.framework */,
				F5928909C0522813C5BB8153 /* Pods_HickeryUITests.framework */,
			);
			name = Frameworks;
			sourceTree = "<group>";
		};
		1700E3261DC689A60085A5D0 = {
			isa = PBXGroup;
			children = (
				1700E3311DC689A60085A5D0 /* Hickery */,
				1700E3481DC689A70085A5D0 /* HickeryTests */,
				1700E3531DC689A70085A5D0 /* HickeryUITests */,
				1700E3301DC689A60085A5D0 /* Products */,
				6E1A7421A83163AC2933823A /* Pods */,
				04651A15901C623CE5291850 /* Frameworks */,
			);
			sourceTree = "<group>";
		};
		1700E3301DC689A60085A5D0 /* Products */ = {
			isa = PBXGroup;
			children = (
				1700E32F1DC689A60085A5D0 /* Hickery.app */,
				1700E3451DC689A60085A5D0 /* HickeryTests.xctest */,
				1700E3501DC689A70085A5D0 /* HickeryUITests.xctest */,
			);
			name = Products;
			sourceTree = "<group>";
		};
		1700E3311DC689A60085A5D0 /* Hickery */ = {
			isa = PBXGroup;
			children = (
				170243671DC6FC7100369C72 /* Networking */,
				178D34CA1DC6EA630044175D /* API */,
				178D34C31DC6E25D0044175D /* Models */,
				1700E3621DC68A8D0085A5D0 /* Onboarding */,
				17A944F71DC98ECB0080EFA8 /* Playlists */,
				17BAEDB51DCBC6970053B182 /* Views */,
				1756C42C1DCFC63600505E03 /* Helpers */,
				1737E8011DEE8E56000B23D2 /* LocalStorage */,
				1700E3321DC689A60085A5D0 /* AppDelegate.swift */,
				1700E3381DC689A60085A5D0 /* Main.storyboard */,
				1700E33B1DC689A60085A5D0 /* Assets.xcassets */,
				1700E33D1DC689A60085A5D0 /* LaunchScreen.storyboard */,
				1700E3401DC689A60085A5D0 /* Info.plist */,
				178D34C21DC6DF110044175D /* Hickery.entitlements */,
				178D34C81DC6E6550044175D /* HickeryTabBarViewController.swift */,
				17A944F61DC98BAB0080EFA8 /* Bridging-Header.h */,
				17BAEDB81DCBFA050053B182 /* DiscoverViewController.swift */,
				17BAEDBA1DCBFACE0053B182 /* SearchViewController.swift */,
				1756C4281DCFC26000505E03 /* HomeViewController.swift */,
				1700E3361DC689A60085A5D0 /* ProfileViewController.swift */,
			);
			path = Hickery;
			sourceTree = "<group>";
		};
		1700E3481DC689A70085A5D0 /* HickeryTests */ = {
			isa = PBXGroup;
			children = (
				1700E3491DC689A70085A5D0 /* HickeryTests.swift */,
				1700E34B1DC689A70085A5D0 /* Info.plist */,
				1737E7FF1DED3612000B23D2 /* HickeryUserTest.swift */,
			);
			path = HickeryTests;
			sourceTree = "<group>";
		};
		1700E3531DC689A70085A5D0 /* HickeryUITests */ = {
			isa = PBXGroup;
			children = (
				1700E3541DC689A70085A5D0 /* HickeryUITests.swift */,
				1700E3561DC689A70085A5D0 /* Info.plist */,
			);
			path = HickeryUITests;
			sourceTree = "<group>";
		};
		1700E3621DC68A8D0085A5D0 /* Onboarding */ = {
			isa = PBXGroup;
			children = (
				1700E3631DC68AE70085A5D0 /* LandingViewController.swift */,
				178D34C01DC6DBC80044175D /* HKLoginButton.swift */,
				178697581DD56A8200225681 /* SignUpViewController.swift */,
			);
			name = Onboarding;
			sourceTree = "<group>";
		};
		170243671DC6FC7100369C72 /* Networking */ = {
			isa = PBXGroup;
			children = (
				178D34CD1DC6EE640044175D /* NetworkingManager.swift */,
			);
			path = Networking;
			sourceTree = "<group>";
		};
		1737E8011DEE8E56000B23D2 /* LocalStorage */ = {
			isa = PBXGroup;
			children = (
				1737E8021DEE8EB0000B23D2 /* LocalStore.swift */,
				170FE9AA1DF65BA300678999 /* HickeryDataStorage.swift */,
				172B6FB31E03498900AB1E8B /* LikeStore.swift */,
			);
			path = LocalStorage;
			sourceTree = "<group>";
		};
		1756C42C1DCFC63600505E03 /* Helpers */ = {
			isa = PBXGroup;
			children = (
				1756C42A1DCFC62B00505E03 /* StoryboardEntityProvider.swift */,
				172B6FB11E032B1600AB1E8B /* FacebookSyncManager.swift */,
			);
			path = Helpers;
			sourceTree = "<group>";
		};
		178D34C31DC6E25D0044175D /* Models */ = {
			isa = PBXGroup;
			children = (
				178D34C41DC6E2C60044175D /* HickeryUser.swift */,
				178D34C61DC6E2E60044175D /* HickerySong.swift */,
				1702436A1DC7008A00369C72 /* HickerySongStream.swift */,
				1786975A1DD56D5A00225681 /* FacebookUser.swift */,
				1786975E1DD579D900225681 /* FacebookPost.swift */,
			);
			path = Models;
			sourceTree = "<group>";
		};
		178D34CA1DC6EA630044175D /* API */ = {
			isa = PBXGroup;
			children = (
				178D34CB1DC6EB230044175D /* APIManager.swift */,
				1786975C1DD56DDB00225681 /* FacebookAPIManager.swift */,
			);
			path = API;
			sourceTree = "<group>";
		};
		17A944F71DC98ECB0080EFA8 /* Playlists */ = {
			isa = PBXGroup;
			children = (
				17A945001DC9972D0080EFA8 /* PlaylistViewController.swift */,
				17A945021DC9973D0080EFA8 /* PlayerViewController.swift */,
				17A945041DC997550080EFA8 /* SongTableViewController.swift */,
				080008311EF43C4C00BCD460 /* VLCPlayer.swift */,
			);
			name = Playlists;
			sourceTree = "<group>";
		};
		17BAEDB51DCBC6970053B182 /* Views */ = {
			isa = PBXGroup;
			children = (
				17BAEDB61DCBC6B40053B182 /* SongTableViewCell.swift */,
			);
			name = Views;
			sourceTree = "<group>";
		};
		6E1A7421A83163AC2933823A /* Pods */ = {
			isa = PBXGroup;
			children = (
				F8C1B69B1D5D8E01162779F9 /* Pods-Hickery.debug.xcconfig */,
				16257AB68E3B77AC6AF6EFDA /* Pods-Hickery.release.xcconfig */,
				364ADBC731FB1A82DF1349CC /* Pods-HickeryTests.debug.xcconfig */,
				443B0E0D30F77F6C71B66DE4 /* Pods-HickeryTests.release.xcconfig */,
				470F1371361AC858F69EEC64 /* Pods-HickeryUITests.debug.xcconfig */,
				F2BF7B20B1B225ACFC98DF6A /* Pods-HickeryUITests.release.xcconfig */,
			);
			name = Pods;
			sourceTree = "<group>";
		};
/* End PBXGroup section */

/* Begin PBXNativeTarget section */
		1700E32E1DC689A60085A5D0 /* Hickery */ = {
			isa = PBXNativeTarget;
			buildConfigurationList = 1700E3591DC689A70085A5D0 /* Build configuration list for PBXNativeTarget "Hickery" */;
			buildPhases = (
				21A0536AFFA701C4947C93F9 /* [CP] Check Pods Manifest.lock */,
				1700E32B1DC689A60085A5D0 /* Sources */,
				1700E32C1DC689A60085A5D0 /* Frameworks */,
				1700E32D1DC689A60085A5D0 /* Resources */,
				2DFBC18740F75A736AAADC70 /* [CP] Embed Pods Frameworks */,
				6A02BD89646547BC874302AB /* [CP] Copy Pods Resources */,
				17BAEDBC1DCC4C7A0053B182 /* ShellScript */,
			);
			buildRules = (
			);
			dependencies = (
			);
			name = Hickery;
			productName = Hickery;
			productReference = 1700E32F1DC689A60085A5D0 /* Hickery.app */;
			productType = "com.apple.product-type.application";
		};
		1700E3441DC689A60085A5D0 /* HickeryTests */ = {
			isa = PBXNativeTarget;
			buildConfigurationList = 1700E35C1DC689A70085A5D0 /* Build configuration list for PBXNativeTarget "HickeryTests" */;
			buildPhases = (
				0F9238C7947620A8F8E8AB18 /* [CP] Check Pods Manifest.lock */,
				1700E3411DC689A60085A5D0 /* Sources */,
				1700E3421DC689A60085A5D0 /* Frameworks */,
				1700E3431DC689A60085A5D0 /* Resources */,
				3C317DAB155A31EDE1D4C807 /* [CP] Embed Pods Frameworks */,
				2FA5FE6C620304135843F480 /* [CP] Copy Pods Resources */,
			);
			buildRules = (
			);
			dependencies = (
				1700E3471DC689A60085A5D0 /* PBXTargetDependency */,
			);
			name = HickeryTests;
			productName = HickeryTests;
			productReference = 1700E3451DC689A60085A5D0 /* HickeryTests.xctest */;
			productType = "com.apple.product-type.bundle.unit-test";
		};
		1700E34F1DC689A70085A5D0 /* HickeryUITests */ = {
			isa = PBXNativeTarget;
			buildConfigurationList = 1700E35F1DC689A70085A5D0 /* Build configuration list for PBXNativeTarget "HickeryUITests" */;
			buildPhases = (
				AE72AC1E815835E939B70C35 /* [CP] Check Pods Manifest.lock */,
				1700E34C1DC689A70085A5D0 /* Sources */,
				1700E34D1DC689A70085A5D0 /* Frameworks */,
				1700E34E1DC689A70085A5D0 /* Resources */,
				CEC909C43D080F6EB2A90EC4 /* [CP] Embed Pods Frameworks */,
				82482010CCC972D8AB315111 /* [CP] Copy Pods Resources */,
			);
			buildRules = (
			);
			dependencies = (
				1700E3521DC689A70085A5D0 /* PBXTargetDependency */,
			);
			name = HickeryUITests;
			productName = HickeryUITests;
			productReference = 1700E3501DC689A70085A5D0 /* HickeryUITests.xctest */;
			productType = "com.apple.product-type.bundle.ui-testing";
		};
/* End PBXNativeTarget section */

/* Begin PBXProject section */
		1700E3271DC689A60085A5D0 /* Project object */ = {
			isa = PBXProject;
			attributes = {
				LastSwiftUpdateCheck = 0800;
				LastUpgradeCheck = 0800;
				ORGANIZATIONNAME = "Florian Marcu";
				TargetAttributes = {
					1700E32E1DC689A60085A5D0 = {
						CreatedOnToolsVersion = 8.0;
						DevelopmentTeam = D8C6SJMXLA;
						ProvisioningStyle = Manual;
						SystemCapabilities = {
							com.apple.BackgroundModes = {
								enabled = 1;
							};
							com.apple.Keychain = {
								enabled = 1;
							};
						};
					};
					1700E3441DC689A60085A5D0 = {
						CreatedOnToolsVersion = 8.0;
						DevelopmentTeam = L693HRC9HY;
						ProvisioningStyle = Automatic;
						TestTargetID = 1700E32E1DC689A60085A5D0;
					};
					1700E34F1DC689A70085A5D0 = {
						CreatedOnToolsVersion = 8.0;
						DevelopmentTeam = L693HRC9HY;
						ProvisioningStyle = Automatic;
						TestTargetID = 1700E32E1DC689A60085A5D0;
					};
				};
			};
			buildConfigurationList = 1700E32A1DC689A60085A5D0 /* Build configuration list for PBXProject "Hickery" */;
			compatibilityVersion = "Xcode 3.2";
			developmentRegion = English;
			hasScannedForEncodings = 0;
			knownRegions = (
				en,
				Base,
			);
			mainGroup = 1700E3261DC689A60085A5D0;
			productRefGroup = 1700E3301DC689A60085A5D0 /* Products */;
			projectDirPath = "";
			projectRoot = "";
			targets = (
				1700E32E1DC689A60085A5D0 /* Hickery */,
				1700E3441DC689A60085A5D0 /* HickeryTests */,
				1700E34F1DC689A70085A5D0 /* HickeryUITests */,
			);
		};
/* End PBXProject section */

/* Begin PBXResourcesBuildPhase section */
		1700E32D1DC689A60085A5D0 /* Resources */ = {
			isa = PBXResourcesBuildPhase;
			buildActionMask = 2147483647;
			files = (
				1700E33F1DC689A60085A5D0 /* LaunchScreen.storyboard in Resources */,
				1700E33C1DC689A60085A5D0 /* Assets.xcassets in Resources */,
				1700E33A1DC689A60085A5D0 /* Main.storyboard in Resources */,
			);
			runOnlyForDeploymentPostprocessing = 0;
		};
		1700E3431DC689A60085A5D0 /* Resources */ = {
			isa = PBXResourcesBuildPhase;
			buildActionMask = 2147483647;
			files = (
			);
			runOnlyForDeploymentPostprocessing = 0;
		};
		1700E34E1DC689A70085A5D0 /* Resources */ = {
			isa = PBXResourcesBuildPhase;
			buildActionMask = 2147483647;
			files = (
			);
			runOnlyForDeploymentPostprocessing = 0;
		};
/* End PBXResourcesBuildPhase section */

/* Begin PBXShellScriptBuildPhase section */
		0F9238C7947620A8F8E8AB18 /* [CP] Check Pods Manifest.lock */ = {
			isa = PBXShellScriptBuildPhase;
			buildActionMask = 2147483647;
			files = (
			);
			inputPaths = (
			);
			name = "[CP] Check Pods Manifest.lock";
			outputPaths = (
			);
			runOnlyForDeploymentPostprocessing = 0;
			shellPath = /bin/sh;
			shellScript = "diff \"${PODS_PODFILE_DIR_PATH}/Podfile.lock\" \"${PODS_ROOT}/Manifest.lock\" > /dev/null\nif [ $? != 0 ] ; then\n    # print error to STDERR\n    echo \"error: The sandbox is not in sync with the Podfile.lock. Run 'pod install' or update your CocoaPods installation.\" >&2\n    exit 1\nfi\n";
			showEnvVarsInLog = 0;
		};
		17BAEDBC1DCC4C7A0053B182 /* ShellScript */ = {
			isa = PBXShellScriptBuildPhase;
			buildActionMask = 2147483647;
			files = (
			);
			inputPaths = (
			);
			outputPaths = (
			);
			runOnlyForDeploymentPostprocessing = 0;
			shellPath = /bin/sh;
			shellScript = "\"${PODS_ROOT}/Fabric/run\" 7189842e0edc1f648a6e6e3c52978493bb12c759 3ce1a95baf59d87848375aad6dd8f274a073626fa720daacd2a771583b1b1f76";
		};
		21A0536AFFA701C4947C93F9 /* [CP] Check Pods Manifest.lock */ = {
			isa = PBXShellScriptBuildPhase;
			buildActionMask = 2147483647;
			files = (
			);
			inputPaths = (
			);
			name = "[CP] Check Pods Manifest.lock";
			outputPaths = (
			);
			runOnlyForDeploymentPostprocessing = 0;
			shellPath = /bin/sh;
			shellScript = "diff \"${PODS_PODFILE_DIR_PATH}/Podfile.lock\" \"${PODS_ROOT}/Manifest.lock\" > /dev/null\nif [ $? != 0 ] ; then\n    # print error to STDERR\n    echo \"error: The sandbox is not in sync with the Podfile.lock. Run 'pod install' or update your CocoaPods installation.\" >&2\n    exit 1\nfi\n";
			showEnvVarsInLog = 0;
		};
		2DFBC18740F75A736AAADC70 /* [CP] Embed Pods Frameworks */ = {
			isa = PBXShellScriptBuildPhase;
			buildActionMask = 2147483647;
			files = (
			);
			inputPaths = (
			);
			name = "[CP] Embed Pods Frameworks";
			outputPaths = (
			);
			runOnlyForDeploymentPostprocessing = 0;
			shellPath = /bin/sh;
			shellScript = "\"${SRCROOT}/Pods/Target Support Files/Pods-Hickery/Pods-Hickery-frameworks.sh\"\n";
			showEnvVarsInLog = 0;
		};
		2FA5FE6C620304135843F480 /* [CP] Copy Pods Resources */ = {
			isa = PBXShellScriptBuildPhase;
			buildActionMask = 2147483647;
			files = (
			);
			inputPaths = (
			);
			name = "[CP] Copy Pods Resources";
			outputPaths = (
			);
			runOnlyForDeploymentPostprocessing = 0;
			shellPath = /bin/sh;
			shellScript = "\"${SRCROOT}/Pods/Target Support Files/Pods-HickeryTests/Pods-HickeryTests-resources.sh\"\n";
			showEnvVarsInLog = 0;
		};
		3C317DAB155A31EDE1D4C807 /* [CP] Embed Pods Frameworks */ = {
			isa = PBXShellScriptBuildPhase;
			buildActionMask = 2147483647;
			files = (
			);
			inputPaths = (
			);
			name = "[CP] Embed Pods Frameworks";
			outputPaths = (
			);
			runOnlyForDeploymentPostprocessing = 0;
			shellPath = /bin/sh;
			shellScript = "\"${SRCROOT}/Pods/Target Support Files/Pods-HickeryTests/Pods-HickeryTests-frameworks.sh\"\n";
			showEnvVarsInLog = 0;
		};
		6A02BD89646547BC874302AB /* [CP] Copy Pods Resources */ = {
			isa = PBXShellScriptBuildPhase;
			buildActionMask = 2147483647;
			files = (
			);
			inputPaths = (
			);
			name = "[CP] Copy Pods Resources";
			outputPaths = (
			);
			runOnlyForDeploymentPostprocessing = 0;
			shellPath = /bin/sh;
			shellScript = "\"${SRCROOT}/Pods/Target Support Files/Pods-Hickery/Pods-Hickery-resources.sh\"\n";
			showEnvVarsInLog = 0;
		};
		82482010CCC972D8AB315111 /* [CP] Copy Pods Resources */ = {
			isa = PBXShellScriptBuildPhase;
			buildActionMask = 2147483647;
			files = (
			);
			inputPaths = (
			);
			name = "[CP] Copy Pods Resources";
			outputPaths = (
			);
			runOnlyForDeploymentPostprocessing = 0;
			shellPath = /bin/sh;
			shellScript = "\"${SRCROOT}/Pods/Target Support Files/Pods-HickeryUITests/Pods-HickeryUITests-resources.sh\"\n";
			showEnvVarsInLog = 0;
		};
		AE72AC1E815835E939B70C35 /* [CP] Check Pods Manifest.lock */ = {
			isa = PBXShellScriptBuildPhase;
			buildActionMask = 2147483647;
			files = (
			);
			inputPaths = (
			);
			name = "[CP] Check Pods Manifest.lock";
			outputPaths = (
			);
			runOnlyForDeploymentPostprocessing = 0;
			shellPath = /bin/sh;
			shellScript = "diff \"${PODS_PODFILE_DIR_PATH}/Podfile.lock\" \"${PODS_ROOT}/Manifest.lock\" > /dev/null\nif [ $? != 0 ] ; then\n    # print error to STDERR\n    echo \"error: The sandbox is not in sync with the Podfile.lock. Run 'pod install' or update your CocoaPods installation.\" >&2\n    exit 1\nfi\n";
			showEnvVarsInLog = 0;
		};
		CEC909C43D080F6EB2A90EC4 /* [CP] Embed Pods Frameworks */ = {
			isa = PBXShellScriptBuildPhase;
			buildActionMask = 2147483647;
			files = (
			);
			inputPaths = (
			);
			name = "[CP] Embed Pods Frameworks";
			outputPaths = (
			);
			runOnlyForDeploymentPostprocessing = 0;
			shellPath = /bin/sh;
			shellScript = "\"${SRCROOT}/Pods/Target Support Files/Pods-HickeryUITests/Pods-HickeryUITests-frameworks.sh\"\n";
			showEnvVarsInLog = 0;
		};
/* End PBXShellScriptBuildPhase section */

/* Begin PBXSourcesBuildPhase section */
		1700E32B1DC689A60085A5D0 /* Sources */ = {
			isa = PBXSourcesBuildPhase;
			buildActionMask = 2147483647;
			files = (
				178D34C51DC6E2C60044175D /* HickeryUser.swift in Sources */,
				170FE9AB1DF65BA300678999 /* HickeryDataStorage.swift in Sources */,
				1786975F1DD579D900225681 /* FacebookPost.swift in Sources */,
				178D34C11DC6DBC80044175D /* HKLoginButton.swift in Sources */,
				178D34C91DC6E6550044175D /* HickeryTabBarViewController.swift in Sources */,
				1756C4291DCFC26000505E03 /* HomeViewController.swift in Sources */,
				178D34CE1DC6EE640044175D /* NetworkingManager.swift in Sources */,
				17A945051DC997550080EFA8 /* SongTableViewController.swift in Sources */,
				178D34CC1DC6EB230044175D /* APIManager.swift in Sources */,
				178697591DD56A8200225681 /* SignUpViewController.swift in Sources */,
				1786975D1DD56DDB00225681 /* FacebookAPIManager.swift in Sources */,
				17A945031DC9973D0080EFA8 /* PlayerViewController.swift in Sources */,
				1700E3371DC689A60085A5D0 /* ProfileViewController.swift in Sources */,
				1700E3331DC689A60085A5D0 /* AppDelegate.swift in Sources */,
				17BAEDB91DCBFA050053B182 /* DiscoverViewController.swift in Sources */,
				17BAEDBB1DCBFACE0053B182 /* SearchViewController.swift in Sources */,
				1756C42B1DCFC62B00505E03 /* StoryboardEntityProvider.swift in Sources */,
				1737E8031DEE8EB0000B23D2 /* LocalStore.swift in Sources */,
				1786975B1DD56D5A00225681 /* FacebookUser.swift in Sources */,
				17A945011DC9972D0080EFA8 /* PlaylistViewController.swift in Sources */,
				172B6FB41E03498900AB1E8B /* LikeStore.swift in Sources */,
				17BAEDB71DCBC6B40053B182 /* SongTableViewCell.swift in Sources */,
				1702436B1DC7008A00369C72 /* HickerySongStream.swift in Sources */,
				1700E3641DC68AE70085A5D0 /* LandingViewController.swift in Sources */,
				080008321EF43C4C00BCD460 /* VLCPlayer.swift in Sources */,
				178D34C71DC6E2E60044175D /* HickerySong.swift in Sources */,
				172B6FB21E032B1600AB1E8B /* FacebookSyncManager.swift in Sources */,
			);
			runOnlyForDeploymentPostprocessing = 0;
		};
		1700E3411DC689A60085A5D0 /* Sources */ = {
			isa = PBXSourcesBuildPhase;
			buildActionMask = 2147483647;
			files = (
				1737E8001DED3612000B23D2 /* HickeryUserTest.swift in Sources */,
				1700E34A1DC689A70085A5D0 /* HickeryTests.swift in Sources */,
			);
			runOnlyForDeploymentPostprocessing = 0;
		};
		1700E34C1DC689A70085A5D0 /* Sources */ = {
			isa = PBXSourcesBuildPhase;
			buildActionMask = 2147483647;
			files = (
				1700E3551DC689A70085A5D0 /* HickeryUITests.swift in Sources */,
			);
			runOnlyForDeploymentPostprocessing = 0;
		};
/* End PBXSourcesBuildPhase section */

/* Begin PBXTargetDependency section */
		1700E3471DC689A60085A5D0 /* PBXTargetDependency */ = {
			isa = PBXTargetDependency;
			target = 1700E32E1DC689A60085A5D0 /* Hickery */;
			targetProxy = 1700E3461DC689A60085A5D0 /* PBXContainerItemProxy */;
		};
		1700E3521DC689A70085A5D0 /* PBXTargetDependency */ = {
			isa = PBXTargetDependency;
			target = 1700E32E1DC689A60085A5D0 /* Hickery */;
			targetProxy = 1700E3511DC689A70085A5D0 /* PBXContainerItemProxy */;
		};
/* End PBXTargetDependency section */

/* Begin PBXVariantGroup section */
		1700E3381DC689A60085A5D0 /* Main.storyboard */ = {
			isa = PBXVariantGroup;
			children = (
				1700E3391DC689A60085A5D0 /* Base */,
			);
			name = Main.storyboard;
			sourceTree = "<group>";
		};
		1700E33D1DC689A60085A5D0 /* LaunchScreen.storyboard */ = {
			isa = PBXVariantGroup;
			children = (
				1700E33E1DC689A60085A5D0 /* Base */,
			);
			name = LaunchScreen.storyboard;
			sourceTree = "<group>";
		};
/* End PBXVariantGroup section */

/* Begin XCBuildConfiguration section */
		1700E3571DC689A70085A5D0 /* Debug */ = {
			isa = XCBuildConfiguration;
			buildSettings = {
				ALWAYS_SEARCH_USER_PATHS = NO;
				CLANG_ANALYZER_NONNULL = YES;
				CLANG_CXX_LANGUAGE_STANDARD = "gnu++0x";
				CLANG_CXX_LIBRARY = "libc++";
				CLANG_ENABLE_MODULES = YES;
				CLANG_ENABLE_OBJC_ARC = YES;
				CLANG_WARN_BOOL_CONVERSION = YES;
				CLANG_WARN_CONSTANT_CONVERSION = YES;
				CLANG_WARN_DIRECT_OBJC_ISA_USAGE = YES_ERROR;
				CLANG_WARN_DOCUMENTATION_COMMENTS = YES;
				CLANG_WARN_EMPTY_BODY = YES;
				CLANG_WARN_ENUM_CONVERSION = YES;
				CLANG_WARN_INFINITE_RECURSION = YES;
				CLANG_WARN_INT_CONVERSION = YES;
				CLANG_WARN_OBJC_ROOT_CLASS = YES_ERROR;
				CLANG_WARN_SUSPICIOUS_MOVES = YES;
				CLANG_WARN_UNREACHABLE_CODE = YES;
				CLANG_WARN__DUPLICATE_METHOD_MATCH = YES;
				"CODE_SIGN_IDENTITY[sdk=iphoneos*]" = "iPhone Developer";
				COPY_PHASE_STRIP = NO;
				DEBUG_INFORMATION_FORMAT = dwarf;
				ENABLE_STRICT_OBJC_MSGSEND = YES;
				ENABLE_TESTABILITY = YES;
				GCC_C_LANGUAGE_STANDARD = gnu99;
				GCC_DYNAMIC_NO_PIC = NO;
				GCC_NO_COMMON_BLOCKS = YES;
				GCC_OPTIMIZATION_LEVEL = 0;
				GCC_PREPROCESSOR_DEFINITIONS = (
					"DEBUG=1",
					"$(inherited)",
				);
				GCC_WARN_64_TO_32_BIT_CONVERSION = YES;
				GCC_WARN_ABOUT_RETURN_TYPE = YES_ERROR;
				GCC_WARN_UNDECLARED_SELECTOR = YES;
				GCC_WARN_UNINITIALIZED_AUTOS = YES_AGGRESSIVE;
				GCC_WARN_UNUSED_FUNCTION = YES;
				GCC_WARN_UNUSED_VARIABLE = YES;
				IPHONEOS_DEPLOYMENT_TARGET = 10.0;
				MTL_ENABLE_DEBUG_INFO = YES;
				ONLY_ACTIVE_ARCH = YES;
				SDKROOT = iphoneos;
				SWIFT_ACTIVE_COMPILATION_CONDITIONS = DEBUG;
				SWIFT_OPTIMIZATION_LEVEL = "-Onone";
				TARGETED_DEVICE_FAMILY = "1,2";
			};
			name = Debug;
		};
		1700E3581DC689A70085A5D0 /* Release */ = {
			isa = XCBuildConfiguration;
			buildSettings = {
				ALWAYS_SEARCH_USER_PATHS = NO;
				CLANG_ANALYZER_NONNULL = YES;
				CLANG_CXX_LANGUAGE_STANDARD = "gnu++0x";
				CLANG_CXX_LIBRARY = "libc++";
				CLANG_ENABLE_MODULES = YES;
				CLANG_ENABLE_OBJC_ARC = YES;
				CLANG_WARN_BOOL_CONVERSION = YES;
				CLANG_WARN_CONSTANT_CONVERSION = YES;
				CLANG_WARN_DIRECT_OBJC_ISA_USAGE = YES_ERROR;
				CLANG_WARN_DOCUMENTATION_COMMENTS = YES;
				CLANG_WARN_EMPTY_BODY = YES;
				CLANG_WARN_ENUM_CONVERSION = YES;
				CLANG_WARN_INFINITE_RECURSION = YES;
				CLANG_WARN_INT_CONVERSION = YES;
				CLANG_WARN_OBJC_ROOT_CLASS = YES_ERROR;
				CLANG_WARN_SUSPICIOUS_MOVES = YES;
				CLANG_WARN_UNREACHABLE_CODE = YES;
				CLANG_WARN__DUPLICATE_METHOD_MATCH = YES;
				"CODE_SIGN_IDENTITY[sdk=iphoneos*]" = "iPhone Developer";
				COPY_PHASE_STRIP = NO;
				DEBUG_INFORMATION_FORMAT = "dwarf-with-dsym";
				ENABLE_NS_ASSERTIONS = NO;
				ENABLE_STRICT_OBJC_MSGSEND = YES;
				GCC_C_LANGUAGE_STANDARD = gnu99;
				GCC_NO_COMMON_BLOCKS = YES;
				GCC_WARN_64_TO_32_BIT_CONVERSION = YES;
				GCC_WARN_ABOUT_RETURN_TYPE = YES_ERROR;
				GCC_WARN_UNDECLARED_SELECTOR = YES;
				GCC_WARN_UNINITIALIZED_AUTOS = YES_AGGRESSIVE;
				GCC_WARN_UNUSED_FUNCTION = YES;
				GCC_WARN_UNUSED_VARIABLE = YES;
				IPHONEOS_DEPLOYMENT_TARGET = 10.0;
				MTL_ENABLE_DEBUG_INFO = NO;
				SDKROOT = iphoneos;
				SWIFT_OPTIMIZATION_LEVEL = "-Owholemodule";
				TARGETED_DEVICE_FAMILY = "1,2";
				VALIDATE_PRODUCT = YES;
			};
			name = Release;
		};
		1700E35A1DC689A70085A5D0 /* Debug */ = {
			isa = XCBuildConfiguration;
			baseConfigurationReference = F8C1B69B1D5D8E01162779F9 /* Pods-Hickery.debug.xcconfig */;
			buildSettings = {
				ASSETCATALOG_COMPILER_APPICON_NAME = AppIcon;
				CLANG_CXX_LIBRARY = "libc++";
				CODE_SIGN_ENTITLEMENTS = Hickery/Hickery.entitlements;
				"CODE_SIGN_IDENTITY[sdk=iphoneos*]" = "iPhone Distribution";
				DEVELOPMENT_TEAM = D8C6SJMXLA;
				FRAMEWORK_SEARCH_PATHS = (
					"$(inherited)",
					"$(PROJECT_DIR)/Pods/MobileVLCKit/MobileVLCKit-binary",
				);
				INFOPLIST_FILE = Hickery/Info.plist;
				LD_RUNPATH_SEARCH_PATHS = "$(inherited) @executable_path/Frameworks";
				OTHER_LDFLAGS = (
					"$(inherited)",
					"-ObjC",
					"-l\"bz2\"",
					"-l\"c++\"",
					"-l\"iconv\"",
					"-l\"stdc++\"",
					"-l\"xml2\"",
					"-l\"z\"",
					"-framework",
					"\"AFNetworking\"",
					"-framework",
					"\"AVFoundation\"",
					"-framework",
					"\"AudioToolbox\"",
					"-framework",
					"\"Bolts\"",
					"-framework",
					"\"CFNetwork\"",
					"-framework",
					"\"CoreGraphics\"",
					"-framework",
					"\"CoreText\"",
					"-framework",
					"\"Crashlytics\"",
					"-framework",
					"\"FBSDKCoreKit\"",
					"-framework",
					"\"FBSDKLoginKit\"",
					"-framework",
					"\"Fabric\"",
					"-framework",
					"\"FacebookCore\"",
					"-framework",
					"\"FacebookLogin\"",
					"-framework",
					"\"Kingfisher\"",
					"-framework",
					"\"MobileVLCKit\"",
					"-framework",
					"\"OpenGLES\"",
					"-framework",
					"\"QuartzCore\"",
					"-framework",
					"\"Security\"",
					"-framework",
					"\"SystemConfiguration\"",
					"-framework",
					"\"UIKit\"",
					"-framework",
					"\"youtube_ios_player_helper\"",
					"-l\"bz2\"",
					"-l\"iconv\"",
					"-framework",
					"\"MobileVLCKit\"",
				);
				PRODUCT_BUNDLE_IDENTIFIER = net.hickery.app;
				PRODUCT_NAME = "$(TARGET_NAME)";
				PROVISIONING_PROFILE = "5215f267-a3de-44cd-b8f3-730f31b27544";
				PROVISIONING_PROFILE_SPECIFIER = "XC: *";
				SWIFT_OBJC_BRIDGING_HEADER = "Bridging-Header.h";
				SWIFT_VERSION = 3.0;
			};
			name = Debug;
		};
		1700E35B1DC689A70085A5D0 /* Release */ = {
			isa = XCBuildConfiguration;
			baseConfigurationReference = 16257AB68E3B77AC6AF6EFDA /* Pods-Hickery.release.xcconfig */;
			buildSettings = {
				ASSETCATALOG_COMPILER_APPICON_NAME = AppIcon;
				CLANG_CXX_LIBRARY = "libc++";
				CODE_SIGN_ENTITLEMENTS = Hickery/Hickery.entitlements;
				"CODE_SIGN_IDENTITY[sdk=iphoneos*]" = "iPhone Distribution";
				DEVELOPMENT_TEAM = D8C6SJMXLA;
				FRAMEWORK_SEARCH_PATHS = (
					"$(inherited)",
					"$(PROJECT_DIR)/Pods/MobileVLCKit/MobileVLCKit-binary",
				);
				INFOPLIST_FILE = Hickery/Info.plist;
				LD_RUNPATH_SEARCH_PATHS = "$(inherited) @executable_path/Frameworks";
				OTHER_LDFLAGS = (
					"$(inherited)",
					"-ObjC",
					"-l\"bz2\"",
					"-l\"c++\"",
					"-l\"iconv\"",
					"-l\"stdc++\"",
					"-l\"xml2\"",
					"-l\"z\"",
					"-framework",
					"\"AFNetworking\"",
					"-framework",
					"\"AVFoundation\"",
					"-framework",
					"\"AudioToolbox\"",
					"-framework",
					"\"Bolts\"",
					"-framework",
					"\"CFNetwork\"",
					"-framework",
					"\"CoreGraphics\"",
					"-framework",
					"\"CoreText\"",
					"-framework",
					"\"Crashlytics\"",
					"-framework",
					"\"FBSDKCoreKit\"",
					"-framework",
					"\"FBSDKLoginKit\"",
					"-framework",
					"\"Fabric\"",
					"-framework",
					"\"FacebookCore\"",
					"-framework",
					"\"FacebookLogin\"",
					"-framework",
					"\"Kingfisher\"",
					"-framework",
					"\"MobileVLCKit\"",
					"-framework",
					"\"OpenGLES\"",
					"-framework",
					"\"QuartzCore\"",
					"-framework",
					"\"Security\"",
					"-framework",
					"\"SystemConfiguration\"",
					"-framework",
					"\"UIKit\"",
					"-framework",
					"\"youtube_ios_player_helper\"",
					"-l\"bz2\"",
					"-l\"iconv\"",
					"-framework",
					"\"MobileVLCKit\"",
				);
				PRODUCT_BUNDLE_IDENTIFIER = net.hickery.app;
				PRODUCT_NAME = "$(TARGET_NAME)";
				PROVISIONING_PROFILE = "5215f267-a3de-44cd-b8f3-730f31b27544";
				PROVISIONING_PROFILE_SPECIFIER = "XC: *";
				SWIFT_OBJC_BRIDGING_HEADER = "Bridging-Header.h";
				SWIFT_VERSION = 3.0;
			};
			name = Release;
		};
		1700E35D1DC689A70085A5D0 /* Debug */ = {
			isa = XCBuildConfiguration;
			baseConfigurationReference = 364ADBC731FB1A82DF1349CC /* Pods-HickeryTests.debug.xcconfig */;
			buildSettings = {
				ALWAYS_EMBED_SWIFT_STANDARD_LIBRARIES = YES;
				BUNDLE_LOADER = "$(TEST_HOST)";
				DEVELOPMENT_TEAM = L693HRC9HY;
				INFOPLIST_FILE = HickeryTests/Info.plist;
				LD_RUNPATH_SEARCH_PATHS = "$(inherited) @executable_path/Frameworks @loader_path/Frameworks";
				PRODUCT_BUNDLE_IDENTIFIER = net.hickery.app;
				PRODUCT_NAME = "$(TARGET_NAME)";
				SWIFT_VERSION = 3.0;
				TEST_HOST = "$(BUILT_PRODUCTS_DIR)/Hickery.app/Hickery";
			};
			name = Debug;
		};
		1700E35E1DC689A70085A5D0 /* Release */ = {
			isa = XCBuildConfiguration;
			baseConfigurationReference = 443B0E0D30F77F6C71B66DE4 /* Pods-HickeryTests.release.xcconfig */;
			buildSettings = {
				ALWAYS_EMBED_SWIFT_STANDARD_LIBRARIES = YES;
				BUNDLE_LOADER = "$(TEST_HOST)";
				DEVELOPMENT_TEAM = L693HRC9HY;
				INFOPLIST_FILE = HickeryTests/Info.plist;
				LD_RUNPATH_SEARCH_PATHS = "$(inherited) @executable_path/Frameworks @loader_path/Frameworks";
				PRODUCT_BUNDLE_IDENTIFIER = net.hickery.app;
				PRODUCT_NAME = "$(TARGET_NAME)";
				SWIFT_VERSION = 3.0;
				TEST_HOST = "$(BUILT_PRODUCTS_DIR)/Hickery.app/Hickery";
			};
			name = Release;
		};
		1700E3601DC689A70085A5D0 /* Debug */ = {
			isa = XCBuildConfiguration;
			baseConfigurationReference = 470F1371361AC858F69EEC64 /* Pods-HickeryUITests.debug.xcconfig */;
			buildSettings = {
				ALWAYS_EMBED_SWIFT_STANDARD_LIBRARIES = YES;
				DEVELOPMENT_TEAM = L693HRC9HY;
				INFOPLIST_FILE = HickeryUITests/Info.plist;
				LD_RUNPATH_SEARCH_PATHS = "$(inherited) @executable_path/Frameworks @loader_path/Frameworks";
				PRODUCT_BUNDLE_IDENTIFIER = FMTech.HickeryUITests;
				PRODUCT_NAME = "$(TARGET_NAME)";
				SWIFT_VERSION = 3.0;
				TEST_TARGET_NAME = Hickery;
			};
			name = Debug;
		};
		1700E3611DC689A70085A5D0 /* Release */ = {
			isa = XCBuildConfiguration;
			baseConfigurationReference = F2BF7B20B1B225ACFC98DF6A /* Pods-HickeryUITests.release.xcconfig */;
			buildSettings = {
				ALWAYS_EMBED_SWIFT_STANDARD_LIBRARIES = YES;
				DEVELOPMENT_TEAM = L693HRC9HY;
				INFOPLIST_FILE = HickeryUITests/Info.plist;
				LD_RUNPATH_SEARCH_PATHS = "$(inherited) @executable_path/Frameworks @loader_path/Frameworks";
				PRODUCT_BUNDLE_IDENTIFIER = FMTech.HickeryUITests;
				PRODUCT_NAME = "$(TARGET_NAME)";
				SWIFT_VERSION = 3.0;
				TEST_TARGET_NAME = Hickery;
			};
			name = Release;
		};
/* End XCBuildConfiguration section */

/* Begin XCConfigurationList section */
		1700E32A1DC689A60085A5D0 /* Build configuration list for PBXProject "Hickery" */ = {
			isa = XCConfigurationList;
			buildConfigurations = (
				1700E3571DC689A70085A5D0 /* Debug */,
				1700E3581DC689A70085A5D0 /* Release */,
			);
			defaultConfigurationIsVisible = 0;
			defaultConfigurationName = Release;
		};
		1700E3591DC689A70085A5D0 /* Build configuration list for PBXNativeTarget "Hickery" */ = {
			isa = XCConfigurationList;
			buildConfigurations = (
				1700E35A1DC689A70085A5D0 /* Debug */,
				1700E35B1DC689A70085A5D0 /* Release */,
			);
			defaultConfigurationIsVisible = 0;
			defaultConfigurationName = Release;
		};
		1700E35C1DC689A70085A5D0 /* Build configuration list for PBXNativeTarget "HickeryTests" */ = {
			isa = XCConfigurationList;
			buildConfigurations = (
				1700E35D1DC689A70085A5D0 /* Debug */,
				1700E35E1DC689A70085A5D0 /* Release */,
			);
			defaultConfigurationIsVisible = 0;
			defaultConfigurationName = Release;
		};
		1700E35F1DC689A70085A5D0 /* Build configuration list for PBXNativeTarget "HickeryUITests" */ = {
			isa = XCConfigurationList;
			buildConfigurations = (
				1700E3601DC689A70085A5D0 /* Debug */,
				1700E3611DC689A70085A5D0 /* Release */,
			);
			defaultConfigurationIsVisible = 0;
			defaultConfigurationName = Release;
		};
/* End XCConfigurationList section */
	};
	rootObject = 1700E3271DC689A60085A5D0 /* Project object */;
}
